
Microsoft Visual Studio Solution File, Format Version 12.00
# Visual Studio Version 17
VisualStudioVersion = 17.11.35303.130
MinimumVisualStudioVersion = 10.0.40219.1
Project("{9A19103F-16F7-4668-BE54-9A1E7A4F7556}") = "MagicOnnxRuntimeGenAi", "MagicOnnxRuntimeGenAi\MagicOnnxRuntimeGenAi.csproj", "{74D943EB-442B-4F65-B8E1-98F3D158F096}"
EndProject
Project("{9A19103F-16F7-4668-BE54-9A1E7A4F7556}") = "Test.MagicOnnxRuntimeGenAi.NetCore", "Test.MagicOnnxRuntimeGenAi.NetCore\Test.MagicOnnxRuntimeGenAi.NetCore.csproj", "{50D04C08-6509-40A2-8255-CC7FBC0EB330}"
EndProject
Project("{9A19103F-16F7-4668-BE54-9A1E7A4F7556}") = "Test.MagicAiLogic", "Test.MagicAiLogic\Test.MagicAiLogic.csproj", "{7EC7C5A7-30EC-4ACA-BD51-50375A0DFD26}"
EndProject
Project("{9A19103F-16F7-4668-BE54-9A1E7A4F7556}") = "MagicOnnxRuntimeGenAi.Cuda", "MagicOnnxRuntimeGenAi.Cuda\MagicOnnxRuntimeGenAi.Cuda.csproj", "{94572B83-0AB3-467C-BCC7-B698348CA699}"
EndProject
Project("{9A19103F-16F7-4668-BE54-9A1E7A4F7556}") = "MagicOnnxRuntimeGenAi.DirectML", "MagicOnnxRuntimeGenAi.DirectML\MagicOnnxRuntimeGenAi.DirectML.csproj", "{F5876150-DEDA-4F38-859B-FA2C64818125}"
EndProject
Project("{9A19103F-16F7-4668-BE54-9A1E7A4F7556}") = "MagicOnnxRuntimeGenAi.Cpu", "MagicOnnxRuntimeGenAi.Cpu\MagicOnnxRuntimeGenAi.Cpu.csproj", "{48D6C792-F3CD-4885-8B88-67A91738B4BB}"
EndProject
Project("{9A19103F-16F7-4668-BE54-9A1E7A4F7556}") = "OnnxLibraryConverter", "OnnxLibraryConverter\OnnxLibraryConverter.csproj", "{4308FAF0-6130-4751-903B-926FC97051FE}"
EndProject
Global
	GlobalSection(SolutionConfigurationPlatforms) = preSolution
		Debug|Any CPU = Debug|Any CPU
		Debug|ARM = Debug|ARM
		Debug|ARM64 = Debug|ARM64
		Debug|x64 = Debug|x64
		Debug|x86 = Debug|x86
		Release|Any CPU = Release|Any CPU
		Release|ARM = Release|ARM
		Release|ARM64 = Release|ARM64
		Release|x64 = Release|x64
		Release|x86 = Release|x86
	EndGlobalSection
	GlobalSection(ProjectConfigurationPlatforms) = postSolution
		{74D943EB-442B-4F65-B8E1-98F3D158F096}.Debug|Any CPU.ActiveCfg = Debug|Any CPU
		{74D943EB-442B-4F65-B8E1-98F3D158F096}.Debug|Any CPU.Build.0 = Debug|Any CPU
		{74D943EB-442B-4F65-B8E1-98F3D158F096}.Debug|ARM.ActiveCfg = Debug|Any CPU
		{74D943EB-442B-4F65-B8E1-98F3D158F096}.Debug|ARM.Build.0 = Debug|Any CPU
		{74D943EB-442B-4F65-B8E1-98F3D158F096}.Debug|ARM64.ActiveCfg = Debug|Any CPU
		{74D943EB-442B-4F65-B8E1-98F3D158F096}.Debug|ARM64.Build.0 = Debug|Any CPU
		{74D943EB-442B-4F65-B8E1-98F3D158F096}.Debug|x64.ActiveCfg = Debug|x64
		{74D943EB-442B-4F65-B8E1-98F3D158F096}.Debug|x64.Build.0 = Debug|x64
		{74D943EB-442B-4F65-B8E1-98F3D158F096}.Debug|x86.ActiveCfg = Debug|x86
		{74D943EB-442B-4F65-B8E1-98F3D158F096}.Debug|x86.Build.0 = Debug|x86
		{74D943EB-442B-4F65-B8E1-98F3D158F096}.Release|Any CPU.ActiveCfg = Release|Any CPU
		{74D943EB-442B-4F65-B8E1-98F3D158F096}.Release|Any CPU.Build.0 = Release|Any CPU
		{74D943EB-442B-4F65-B8E1-98F3D158F096}.Release|ARM.ActiveCfg = Release|Any CPU
		{74D943EB-442B-4F65-B8E1-98F3D158F096}.Release|ARM.Build.0 = Release|Any CPU
		{74D943EB-442B-4F65-B8E1-98F3D158F096}.Release|ARM64.ActiveCfg = Release|Any CPU
		{74D943EB-442B-4F65-B8E1-98F3D158F096}.Release|ARM64.Build.0 = Release|Any CPU
		{74D943EB-442B-4F65-B8E1-98F3D158F096}.Release|x64.ActiveCfg = Release|x64
		{74D943EB-442B-4F65-B8E1-98F3D158F096}.Release|x64.Build.0 = Release|x64
		{74D943EB-442B-4F65-B8E1-98F3D158F096}.Release|x86.ActiveCfg = Release|x86
		{74D943EB-442B-4F65-B8E1-98F3D158F096}.Release|x86.Build.0 = Release|x86
		{50D04C08-6509-40A2-8255-CC7FBC0EB330}.Debug|Any CPU.ActiveCfg = Debug|Any CPU
		{50D04C08-6509-40A2-8255-CC7FBC0EB330}.Debug|Any CPU.Build.0 = Debug|Any CPU
		{50D04C08-6509-40A2-8255-CC7FBC0EB330}.Debug|ARM.ActiveCfg = Debug|Any CPU
		{50D04C08-6509-40A2-8255-CC7FBC0EB330}.Debug|ARM.Build.0 = Debug|Any CPU
		{50D04C08-6509-40A2-8255-CC7FBC0EB330}.Debug|ARM64.ActiveCfg = Debug|Any CPU
		{50D04C08-6509-40A2-8255-CC7FBC0EB330}.Debug|ARM64.Build.0 = Debug|Any CPU
		{50D04C08-6509-40A2-8255-CC7FBC0EB330}.Debug|x64.ActiveCfg = Debug|x64
		{50D04C08-6509-40A2-8255-CC7FBC0EB330}.Debug|x64.Build.0 = Debug|x64
		{50D04C08-6509-40A2-8255-CC7FBC0EB330}.Debug|x86.ActiveCfg = Debug|x86
		{50D04C08-6509-40A2-8255-CC7FBC0EB330}.Debug|x86.Build.0 = Debug|x86
		{50D04C08-6509-40A2-8255-CC7FBC0EB330}.Release|Any CPU.ActiveCfg = Release|Any CPU
		{50D04C08-6509-40A2-8255-CC7FBC0EB330}.Release|Any CPU.Build.0 = Release|Any CPU
		{50D04C08-6509-40A2-8255-CC7FBC0EB330}.Release|ARM.ActiveCfg = Release|Any CPU
		{50D04C08-6509-40A2-8255-CC7FBC0EB330}.Release|ARM.Build.0 = Release|Any CPU
		{50D04C08-6509-40A2-8255-CC7FBC0EB330}.Release|ARM64.ActiveCfg = Release|Any CPU
		{50D04C08-6509-40A2-8255-CC7FBC0EB330}.Release|ARM64.Build.0 = Release|Any CPU
		{50D04C08-6509-40A2-8255-CC7FBC0EB330}.Release|x64.ActiveCfg = Release|x64
		{50D04C08-6509-40A2-8255-CC7FBC0EB330}.Release|x64.Build.0 = Release|x64
		{50D04C08-6509-40A2-8255-CC7FBC0EB330}.Release|x86.ActiveCfg = Release|x86
		{50D04C08-6509-40A2-8255-CC7FBC0EB330}.Release|x86.Build.0 = Release|x86
		{7EC7C5A7-30EC-4ACA-BD51-50375A0DFD26}.Debug|Any CPU.ActiveCfg = Debug|Any CPU
		{7EC7C5A7-30EC-4ACA-BD51-50375A0DFD26}.Debug|Any CPU.Build.0 = Debug|Any CPU
		{7EC7C5A7-30EC-4ACA-BD51-50375A0DFD26}.Debug|ARM.ActiveCfg = Debug|Any CPU
		{7EC7C5A7-30EC-4ACA-BD51-50375A0DFD26}.Debug|ARM.Build.0 = Debug|Any CPU
		{7EC7C5A7-30EC-4ACA-BD51-50375A0DFD26}.Debug|ARM64.ActiveCfg = Debug|Any CPU
		{7EC7C5A7-30EC-4ACA-BD51-50375A0DFD26}.Debug|ARM64.Build.0 = Debug|Any CPU
		{7EC7C5A7-30EC-4ACA-BD51-50375A0DFD26}.Debug|x64.ActiveCfg = Debug|Any CPU
		{7EC7C5A7-30EC-4ACA-BD51-50375A0DFD26}.Debug|x64.Build.0 = Debug|Any CPU
		{7EC7C5A7-30EC-4ACA-BD51-50375A0DFD26}.Debug|x86.ActiveCfg = Debug|Any CPU
		{7EC7C5A7-30EC-4ACA-BD51-50375A0DFD26}.Debug|x86.Build.0 = Debug|Any CPU
		{7EC7C5A7-30EC-4ACA-BD51-50375A0DFD26}.Release|Any CPU.ActiveCfg = Release|Any CPU
		{7EC7C5A7-30EC-4ACA-BD51-50375A0DFD26}.Release|Any CPU.Build.0 = Release|Any CPU
		{7EC7C5A7-30EC-4ACA-BD51-50375A0DFD26}.Release|ARM.ActiveCfg = Release|Any CPU
		{7EC7C5A7-30EC-4ACA-BD51-50375A0DFD26}.Release|ARM.Build.0 = Release|Any CPU
		{7EC7C5A7-30EC-4ACA-BD51-50375A0DFD26}.Release|ARM64.ActiveCfg = Release|Any CPU
		{7EC7C5A7-30EC-4ACA-BD51-50375A0DFD26}.Release|ARM64.Build.0 = Release|Any CPU
		{7EC7C5A7-30EC-4ACA-BD51-50375A0DFD26}.Release|x64.ActiveCfg = Release|Any CPU
		{7EC7C5A7-30EC-4ACA-BD51-50375A0DFD26}.Release|x64.Build.0 = Release|Any CPU
		{7EC7C5A7-30EC-4ACA-BD51-50375A0DFD26}.Release|x86.ActiveCfg = Release|Any CPU
		{7EC7C5A7-30EC-4ACA-BD51-50375A0DFD26}.Release|x86.Build.0 = Release|Any CPU
		{94572B83-0AB3-467C-BCC7-B698348CA699}.Debug|Any CPU.ActiveCfg = Debug|Any CPU
		{94572B83-0AB3-467C-BCC7-B698348CA699}.Debug|Any CPU.Build.0 = Debug|Any CPU
		{94572B83-0AB3-467C-BCC7-B698348CA699}.Debug|ARM.ActiveCfg = Debug|Any CPU
		{94572B83-0AB3-467C-BCC7-B698348CA699}.Debug|ARM.Build.0 = Debug|Any CPU
		{94572B83-0AB3-467C-BCC7-B698348CA699}.Debug|ARM64.ActiveCfg = Debug|Any CPU
		{94572B83-0AB3-467C-BCC7-B698348CA699}.Debug|ARM64.Build.0 = Debug|Any CPU
		{94572B83-0AB3-467C-BCC7-B698348CA699}.Debug|x64.ActiveCfg = Debug|Any CPU
		{94572B83-0AB3-467C-BCC7-B698348CA699}.Debug|x64.Build.0 = Debug|Any CPU
		{94572B83-0AB3-467C-BCC7-B698348CA699}.Debug|x86.ActiveCfg = Debug|Any CPU
		{94572B83-0AB3-467C-BCC7-B698348CA699}.Debug|x86.Build.0 = Debug|Any CPU
		{94572B83-0AB3-467C-BCC7-B698348CA699}.Release|Any CPU.ActiveCfg = Release|Any CPU
		{94572B83-0AB3-467C-BCC7-B698348CA699}.Release|Any CPU.Build.0 = Release|Any CPU
		{94572B83-0AB3-467C-BCC7-B698348CA699}.Release|ARM.ActiveCfg = Release|Any CPU
		{94572B83-0AB3-467C-BCC7-B698348CA699}.Release|ARM.Build.0 = Release|Any CPU
		{94572B83-0AB3-467C-BCC7-B698348CA699}.Release|ARM64.ActiveCfg = Release|Any CPU
		{94572B83-0AB3-467C-BCC7-B698348CA699}.Release|ARM64.Build.0 = Release|Any CPU
		{94572B83-0AB3-467C-BCC7-B698348CA699}.Release|x64.ActiveCfg = Release|Any CPU
		{94572B83-0AB3-467C-BCC7-B698348CA699}.Release|x64.Build.0 = Release|Any CPU
		{94572B83-0AB3-467C-BCC7-B698348CA699}.Release|x86.ActiveCfg = Release|Any CPU
		{94572B83-0AB3-467C-BCC7-B698348CA699}.Release|x86.Build.0 = Release|Any CPU
		{F5876150-DEDA-4F38-859B-FA2C64818125}.Debug|Any CPU.ActiveCfg = Debug|Any CPU
		{F5876150-DEDA-4F38-859B-FA2C64818125}.Debug|Any CPU.Build.0 = Debug|Any CPU
		{F5876150-DEDA-4F38-859B-FA2C64818125}.Debug|ARM.ActiveCfg = Debug|Any CPU
		{F5876150-DEDA-4F38-859B-FA2C64818125}.Debug|ARM.Build.0 = Debug|Any CPU
		{F5876150-DEDA-4F38-859B-FA2C64818125}.Debug|ARM64.ActiveCfg = Debug|Any CPU
		{F5876150-DEDA-4F38-859B-FA2C64818125}.Debug|ARM64.Build.0 = Debug|Any CPU
		{F5876150-DEDA-4F38-859B-FA2C64818125}.Debug|x64.ActiveCfg = Debug|Any CPU
		{F5876150-DEDA-4F38-859B-FA2C64818125}.Debug|x64.Build.0 = Debug|Any CPU
		{F5876150-DEDA-4F38-859B-FA2C64818125}.Debug|x86.ActiveCfg = Debug|Any CPU
		{F5876150-DEDA-4F38-859B-FA2C64818125}.Debug|x86.Build.0 = Debug|Any CPU
		{F5876150-DEDA-4F38-859B-FA2C64818125}.Release|Any CPU.ActiveCfg = Release|Any CPU
		{F5876150-DEDA-4F38-859B-FA2C64818125}.Release|Any CPU.Build.0 = Release|Any CPU
		{F5876150-DEDA-4F38-859B-FA2C64818125}.Release|ARM.ActiveCfg = Release|Any CPU
		{F5876150-DEDA-4F38-859B-FA2C64818125}.Release|ARM.Build.0 = Release|Any CPU
		{F5876150-DEDA-4F38-859B-FA2C64818125}.Release|ARM64.ActiveCfg = Release|Any CPU
		{F5876150-DEDA-4F38-859B-FA2C64818125}.Release|ARM64.Build.0 = Release|Any CPU
		{F5876150-DEDA-4F38-859B-FA2C64818125}.Release|x64.ActiveCfg = Release|Any CPU
		{F5876150-DEDA-4F38-859B-FA2C64818125}.Release|x64.Build.0 = Release|Any CPU
		{F5876150-DEDA-4F38-859B-FA2C64818125}.Release|x86.ActiveCfg = Release|Any CPU
		{F5876150-DEDA-4F38-859B-FA2C64818125}.Release|x86.Build.0 = Release|Any CPU
		{48D6C792-F3CD-4885-8B88-67A91738B4BB}.Debug|Any CPU.ActiveCfg = Debug|Any CPU
		{48D6C792-F3CD-4885-8B88-67A91738B4BB}.Debug|Any CPU.Build.0 = Debug|Any CPU
		{48D6C792-F3CD-4885-8B88-67A91738B4BB}.Debug|ARM.ActiveCfg = Debug|Any CPU
		{48D6C792-F3CD-4885-8B88-67A91738B4BB}.Debug|ARM.Build.0 = Debug|Any CPU
		{48D6C792-F3CD-4885-8B88-67A91738B4BB}.Debug|ARM64.ActiveCfg = Debug|Any CPU
		{48D6C792-F3CD-4885-8B88-67A91738B4BB}.Debug|ARM64.Build.0 = Debug|Any CPU
		{48D6C792-F3CD-4885-8B88-67A91738B4BB}.Debug|x64.ActiveCfg = Debug|Any CPU
		{48D6C792-F3CD-4885-8B88-67A91738B4BB}.Debug|x64.Build.0 = Debug|Any CPU
		{48D6C792-F3CD-4885-8B88-67A91738B4BB}.Debug|x86.ActiveCfg = Debug|Any CPU
		{48D6C792-F3CD-4885-8B88-67A91738B4BB}.Debug|x86.Build.0 = Debug|Any CPU
		{48D6C792-F3CD-4885-8B88-67A91738B4BB}.Release|Any CPU.ActiveCfg = Release|Any CPU
		{48D6C792-F3CD-4885-8B88-67A91738B4BB}.Release|Any CPU.Build.0 = Release|Any CPU
		{48D6C792-F3CD-4885-8B88-67A91738B4BB}.Release|ARM.ActiveCfg = Release|Any CPU
		{48D6C792-F3CD-4885-8B88-67A91738B4BB}.Release|ARM.Build.0 = Release|Any CPU
		{48D6C792-F3CD-4885-8B88-67A91738B4BB}.Release|ARM64.ActiveCfg = Release|Any CPU
		{48D6C792-F3CD-4885-8B88-67A91738B4BB}.Release|ARM64.Build.0 = Release|Any CPU
		{48D6C792-F3CD-4885-8B88-67A91738B4BB}.Release|x64.ActiveCfg = Release|Any CPU
		{48D6C792-F3CD-4885-8B88-67A91738B4BB}.Release|x64.Build.0 = Release|Any CPU
		{48D6C792-F3CD-4885-8B88-67A91738B4BB}.Release|x86.ActiveCfg = Release|Any CPU
		{48D6C792-F3CD-4885-8B88-67A91738B4BB}.Release|x86.Build.0 = Release|Any CPU
		{4308FAF0-6130-4751-903B-926FC97051FE}.Debug|Any CPU.ActiveCfg = Debug|Any CPU
		{4308FAF0-6130-4751-903B-926FC97051FE}.Debug|Any CPU.Build.0 = Debug|Any CPU
		{4308FAF0-6130-4751-903B-926FC97051FE}.Debug|ARM.ActiveCfg = Debug|Any CPU
		{4308FAF0-6130-4751-903B-926FC97051FE}.Debug|ARM.Build.0 = Debug|Any CPU
		{4308FAF0-6130-4751-903B-926FC97051FE}.Debug|ARM64.ActiveCfg = Debug|Any CPU
		{4308FAF0-6130-4751-903B-926FC97051FE}.Debug|ARM64.Build.0 = Debug|Any CPU
		{4308FAF0-6130-4751-903B-926FC97051FE}.Debug|x64.ActiveCfg = Debug|Any CPU
		{4308FAF0-6130-4751-903B-926FC97051FE}.Debug|x64.Build.0 = Debug|Any CPU
		{4308FAF0-6130-4751-903B-926FC97051FE}.Debug|x86.ActiveCfg = Debug|Any CPU
		{4308FAF0-6130-4751-903B-926FC97051FE}.Debug|x86.Build.0 = Debug|Any CPU
		{4308FAF0-6130-4751-903B-926FC97051FE}.Release|Any CPU.ActiveCfg = Release|Any CPU
		{4308FAF0-6130-4751-903B-926FC97051FE}.Release|Any CPU.Build.0 = Release|Any CPU
		{4308FAF0-6130-4751-903B-926FC97051FE}.Release|ARM.ActiveCfg = Release|Any CPU
		{4308FAF0-6130-4751-903B-926FC97051FE}.Release|ARM.Build.0 = Release|Any CPU
		{4308FAF0-6130-4751-903B-926FC97051FE}.Release|ARM64.ActiveCfg = Release|Any CPU
		{4308FAF0-6130-4751-903B-926FC97051FE}.Release|ARM64.Build.0 = Release|Any CPU
		{4308FAF0-6130-4751-903B-926FC97051FE}.Release|x64.ActiveCfg = Release|Any CPU
		{4308FAF0-6130-4751-903B-926FC97051FE}.Release|x64.Build.0 = Release|Any CPU
		{4308FAF0-6130-4751-903B-926FC97051FE}.Release|x86.ActiveCfg = Release|Any CPU
		{4308FAF0-6130-4751-903B-926FC97051FE}.Release|x86.Build.0 = Release|Any CPU
	EndGlobalSection
	GlobalSection(SolutionProperties) = preSolution
		HideSolutionNode = FALSE
	EndGlobalSection
	GlobalSection(ExtensibilityGlobals) = postSolution
		SolutionGuid = {9D7A5F16-C384-4B0D-B381-19A0F977E9AE}
	EndGlobalSection
EndGlobal
